// !$*UTF8*$!
{
	archiveVersion = 1;
	classes = {
	};
	objectVersion = 56;
	objects = {

/* Begin PBXBuildFile section */
		EF5474EA29DEEC3D00E9B427 /* AppDelegate.swift in Sources */ = {isa = PBXBuildFile; fileRef = EF5474E929DEEC3D00E9B427 /* AppDelegate.swift */; };
		EF5474EC29DEEC3D00E9B427 /* SceneDelegate.swift in Sources */ = {isa = PBXBuildFile; fileRef = EF5474EB29DEEC3D00E9B427 /* SceneDelegate.swift */; };
		EF5474EE29DEEC3D00E9B427 /* ViewController.swift in Sources */ = {isa = PBXBuildFile; fileRef = EF5474ED29DEEC3D00E9B427 /* ViewController.swift */; };
		EF5474F129DEEC3D00E9B427 /* Main.storyboard in Resources */ = {isa = PBXBuildFile; fileRef = EF5474EF29DEEC3D00E9B427 /* Main.storyboard */; };
		EF5474F329DEEC4000E9B427 /* Assets.xcassets in Resources */ = {isa = PBXBuildFile; fileRef = EF5474F229DEEC4000E9B427 /* Assets.xcassets */; };
		EF5474F629DEEC4000E9B427 /* LaunchScreen.storyboard in Resources */ = {isa = PBXBuildFile; fileRef = EF5474F429DEEC4000E9B427 /* LaunchScreen.storyboard */; };
		EF54750129DEEC4000E9B427 /* PiazzaTests.swift in Sources */ = {isa = PBXBuildFile; fileRef = EF54750029DEEC4000E9B427 /* PiazzaTests.swift */; };
		EF54750B29DEEC4000E9B427 /* PiazzaUITests.swift in Sources */ = {isa = PBXBuildFile; fileRef = EF54750A29DEEC4000E9B427 /* PiazzaUITests.swift */; };
		EF54750D29DEEC4000E9B427 /* PiazzaUITestsLaunchTests.swift in Sources */ = {isa = PBXBuildFile; fileRef = EF54750C29DEEC4000E9B427 /* PiazzaUITestsLaunchTests.swift */; };
		EF54751B29DEED8500E9B427 /* Turbo in Frameworks */ = {isa = PBXBuildFile; productRef = EF54751A29DEED8500E9B427 /* Turbo */; };
/* End PBXBuildFile section */

/* Begin PBXContainerItemProxy section */
		EF5474FD29DEEC4000E9B427 /* PBXContainerItemProxy */ = {
			isa = PBXContainerItemProxy;
			containerPortal = EF5474DE29DEEC3D00E9B427 /* Project object */;
			proxyType = 1;
			remoteGlobalIDString = EF5474E529DEEC3D00E9B427;
			remoteInfo = Piazza;
		};
		EF54750729DEEC4000E9B427 /* PBXContainerItemProxy */ = {
			isa = PBXContainerItemProxy;
			containerPortal = EF5474DE29DEEC3D00E9B427 /* Project object */;
			proxyType = 1;
			remoteGlobalIDString = EF5474E529DEEC3D00E9B427;
			remoteInfo = Piazza;
		};
/* End PBXContainerItemProxy section */

/* Begin PBXFileReference section */
		EF5474E629DEEC3D00E9B427 /* Piazza.app */ = {isa = PBXFileReference; explicitFileType = wrapper.application; includeInIndex = 0; path = Piazza.app; sourceTree = BUILT_PRODUCTS_DIR; };
		EF5474E929DEEC3D00E9B427 /* AppDelegate.swift */ = {isa = PBXFileReference; lastKnownFileType = sourcecode.swift; path = AppDelegate.swift; sourceTree = "<group>"; };
		EF5474EB29DEEC3D00E9B427 /* SceneDelegate.swift */ = {isa = PBXFileReference; lastKnownFileType = sourcecode.swift; path = SceneDelegate.swift; sourceTree = "<group>"; };
		EF5474ED29DEEC3D00E9B427 /* ViewController.swift */ = {isa = PBXFileReference; lastKnownFileType = sourcecode.swift; path = ViewController.swift; sourceTree = "<group>"; };
		EF5474F029DEEC3D00E9B427 /* Base */ = {isa = PBXFileReference; lastKnownFileType = file.storyboard; name = Base; path = Base.lproj/Main.storyboard; sourceTree = "<group>"; };
		EF5474F229DEEC4000E9B427 /* Assets.xcassets */ = {isa = PBXFileReference; lastKnownFileType = folder.assetcatalog; path = Assets.xcassets; sourceTree = "<group>"; };
		EF5474F529DEEC4000E9B427 /* Base */ = {isa = PBXFileReference; lastKnownFileType = file.storyboard; name = Base; path = Base.lproj/LaunchScreen.storyboard; sourceTree = "<group>"; };
		EF5474F729DEEC4000E9B427 /* Info.plist */ = {isa = PBXFileReference; lastKnownFileType = text.plist.xml; path = Info.plist; sourceTree = "<group>"; };
		EF5474FC29DEEC4000E9B427 /* PiazzaTests.xctest */ = {isa = PBXFileReference; explicitFileType = wrapper.cfbundle; includeInIndex = 0; path = PiazzaTests.xctest; sourceTree = BUILT_PRODUCTS_DIR; };
		EF54750029DEEC4000E9B427 /* PiazzaTests.swift */ = {isa = PBXFileReference; lastKnownFileType = sourcecode.swift; path = PiazzaTests.swift; sourceTree = "<group>"; };
		EF54750629DEEC4000E9B427 /* PiazzaUITests.xctest */ = {isa = PBXFileReference; explicitFileType = wrapper.cfbundle; includeInIndex = 0; path = PiazzaUITests.xctest; sourceTree = BUILT_PRODUCTS_DIR; };
		EF54750A29DEEC4000E9B427 /* PiazzaUITests.swift */ = {isa = PBXFileReference; lastKnownFileType = sourcecode.swift; path = PiazzaUITests.swift; sourceTree = "<group>"; };
		EF54750C29DEEC4000E9B427 /* PiazzaUITestsLaunchTests.swift */ = {isa = PBXFileReference; lastKnownFileType = sourcecode.swift; path = PiazzaUITestsLaunchTests.swift; sourceTree = "<group>"; };
/* End PBXFileReference section */

/* Begin PBXFrameworksBuildPhase section */
		EF5474E329DEEC3D00E9B427 /* Frameworks */ = {
			isa = PBXFrameworksBuildPhase;
			buildActionMask = 2147483647;
			files = (
				EF54751B29DEED8500E9B427 /* Turbo in Frameworks */,
			);
			runOnlyForDeploymentPostprocessing = 0;
		};
		EF5474F929DEEC4000E9B427 /* Frameworks */ = {
			isa = PBXFrameworksBuildPhase;
			buildActionMask = 2147483647;
			files = (
			);
			runOnlyForDeploymentPostprocessing = 0;
		};
		EF54750329DEEC4000E9B427 /* Frameworks */ = {
			isa = PBXFrameworksBuildPhase;
			buildActionMask = 2147483647;
			files = (
			);
			runOnlyForDeploymentPostprocessing = 0;
		};
/* End PBXFrameworksBuildPhase section */

/* Begin PBXGroup section */
		EF5474DD29DEEC3D00E9B427 = {
			isa = PBXGroup;
			children = (
				EF5474E829DEEC3D00E9B427 /* Piazza */,
				EF5474FF29DEEC4000E9B427 /* PiazzaTests */,
				EF54750929DEEC4000E9B427 /* PiazzaUITests */,
				EF5474E729DEEC3D00E9B427 /* Products */,
			);
			sourceTree = "<group>";
		};
		EF5474E729DEEC3D00E9B427 /* Products */ = {
			isa = PBXGroup;
			children = (
				EF5474E629DEEC3D00E9B427 /* Piazza.app */,
				EF5474FC29DEEC4000E9B427 /* PiazzaTests.xctest */,
				EF54750629DEEC4000E9B427 /* PiazzaUITests.xctest */,
			);
			name = Products;
			sourceTree = "<group>";
		};
		EF5474E829DEEC3D00E9B427 /* Piazza */ = {
			isa = PBXGroup;
			children = (
				EF5474E929DEEC3D00E9B427 /* AppDelegate.swift */,
				EF5474EB29DEEC3D00E9B427 /* SceneDelegate.swift */,
				EF5474ED29DEEC3D00E9B427 /* ViewController.swift */,
				EF5474EF29DEEC3D00E9B427 /* Main.storyboard */,
				EF5474F229DEEC4000E9B427 /* Assets.xcassets */,
				EF5474F429DEEC4000E9B427 /* LaunchScreen.storyboard */,
				EF5474F729DEEC4000E9B427 /* Info.plist */,
			);
			path = Piazza;
			sourceTree = "<group>";
		};
		EF5474FF29DEEC4000E9B427 /* PiazzaTests */ = {
			isa = PBXGroup;
			children = (
				EF54750029DEEC4000E9B427 /* PiazzaTests.swift */,
			);
			path = PiazzaTests;
			sourceTree = "<group>";
		};
		EF54750929DEEC4000E9B427 /* PiazzaUITests */ = {
			isa = PBXGroup;
			children = (
				EF54750A29DEEC4000E9B427 /* PiazzaUITests.swift */,
				EF54750C29DEEC4000E9B427 /* PiazzaUITestsLaunchTests.swift */,
			);
			path = PiazzaUITests;
			sourceTree = "<group>";
		};
/* End PBXGroup section */

/* Begin PBXNativeTarget section */
		EF5474E529DEEC3D00E9B427 /* Piazza */ = {
			isa = PBXNativeTarget;
			buildConfigurationList = EF54751029DEEC4000E9B427 /* Build configuration list for PBXNativeTarget "Piazza" */;
			buildPhases = (
				EF5474E229DEEC3D00E9B427 /* Sources */,
				EF5474E329DEEC3D00E9B427 /* Frameworks */,
				EF5474E429DEEC3D00E9B427 /* Resources */,
			);
			buildRules = (
			);
			dependencies = (
			);
			name = Piazza;
			packageProductDependencies = (
				EF54751A29DEED8500E9B427 /* Turbo */,
			);
			productName = Piazza;
			productReference = EF5474E629DEEC3D00E9B427 /* Piazza.app */;
			productType = "com.apple.product-type.application";
		};
		EF5474FB29DEEC4000E9B427 /* PiazzaTests */ = {
			isa = PBXNativeTarget;
			buildConfigurationList = EF54751329DEEC4000E9B427 /* Build configuration list for PBXNativeTarget "PiazzaTests" */;
			buildPhases = (
				EF5474F829DEEC4000E9B427 /* Sources */,
				EF5474F929DEEC4000E9B427 /* Frameworks */,
				EF5474FA29DEEC4000E9B427 /* Resources */,
			);
			buildRules = (
			);
			dependencies = (
				EF5474FE29DEEC4000E9B427 /* PBXTargetDependency */,
			);
			name = PiazzaTests;
			productName = PiazzaTests;
			productReference = EF5474FC29DEEC4000E9B427 /* PiazzaTests.xctest */;
			productType = "com.apple.product-type.bundle.unit-test";
		};
		EF54750529DEEC4000E9B427 /* PiazzaUITests */ = {
			isa = PBXNativeTarget;
			buildConfigurationList = EF54751629DEEC4000E9B427 /* Build configuration list for PBXNativeTarget "PiazzaUITests" */;
			buildPhases = (
				EF54750229DEEC4000E9B427 /* Sources */,
				EF54750329DEEC4000E9B427 /* Frameworks */,
				EF54750429DEEC4000E9B427 /* Resources */,
			);
			buildRules = (
			);
			dependencies = (
				EF54750829DEEC4000E9B427 /* PBXTargetDependency */,
			);
			name = PiazzaUITests;
			productName = PiazzaUITests;
			productReference = EF54750629DEEC4000E9B427 /* PiazzaUITests.xctest */;
			productType = "com.apple.product-type.bundle.ui-testing";
		};
/* End PBXNativeTarget section */

/* Begin PBXProject section */
		EF5474DE29DEEC3D00E9B427 /* Project object */ = {
			isa = PBXProject;
			attributes = {
				BuildIndependentTargetsInParallel = 1;
				LastSwiftUpdateCheck = 1430;
				LastUpgradeCheck = 1430;
				TargetAttributes = {
					EF5474E529DEEC3D00E9B427 = {
						CreatedOnToolsVersion = 14.3;
					};
					EF5474FB29DEEC4000E9B427 = {
						CreatedOnToolsVersion = 14.3;
						TestTargetID = EF5474E529DEEC3D00E9B427;
					};
					EF54750529DEEC4000E9B427 = {
						CreatedOnToolsVersion = 14.3;
						TestTargetID = EF5474E529DEEC3D00E9B427;
					};
				};
			};
			buildConfigurationList = EF5474E129DEEC3D00E9B427 /* Build configuration list for PBXProject "Piazza" */;
			compatibilityVersion = "Xcode 14.0";
			developmentRegion = en;
			hasScannedForEncodings = 0;
			knownRegions = (
				en,
				Base,
			);
			mainGroup = EF5474DD29DEEC3D00E9B427;
			packageReferences = (
				EF54751929DEED8500E9B427 /* XCRemoteSwiftPackageReference "turbo-ios" */,
			);
			productRefGroup = EF5474E729DEEC3D00E9B427 /* Products */;
			projectDirPath = "";
			projectRoot = "";
			targets = (
				EF5474E529DEEC3D00E9B427 /* Piazza */,
				EF5474FB29DEEC4000E9B427 /* PiazzaTests */,
				EF54750529DEEC4000E9B427 /* PiazzaUITests */,
			);
		};
/* End PBXProject section */

/* Begin PBXResourcesBuildPhase section */
		EF5474E429DEEC3D00E9B427 /* Resources */ = {
			isa = PBXResourcesBuildPhase;
			buildActionMask = 2147483647;
			files = (
				EF5474F629DEEC4000E9B427 /* LaunchScreen.storyboard in Resources */,
				EF5474F329DEEC4000E9B427 /* Assets.xcassets in Resources */,
				EF5474F129DEEC3D00E9B427 /* Main.storyboard in Resources */,
			);
			runOnlyForDeploymentPostprocessing = 0;
		};
		EF5474FA29DEEC4000E9B427 /* Resources */ = {
			isa = PBXResourcesBuildPhase;
			buildActionMask = 2147483647;
			files = (
			);
			runOnlyForDeploymentPostprocessing = 0;
		};
		EF54750429DEEC4000E9B427 /* Resources */ = {
			isa = PBXResourcesBuildPhase;
			buildActionMask = 2147483647;
			files = (
			);
			runOnlyForDeploymentPostprocessing = 0;
		};
/* End PBXResourcesBuildPhase section */

/* Begin PBXSourcesBuildPhase section */
		EF5474E229DEEC3D00E9B427 /* Sources */ = {
			isa = PBXSourcesBuildPhase;
			buildActionMask = 2147483647;
			files = (
				EF5474EE29DEEC3D00E9B427 /* ViewController.swift in Sources */,
				EF5474EA29DEEC3D00E9B427 /* AppDelegate.swift in Sources */,
				EF5474EC29DEEC3D00E9B427 /* SceneDelegate.swift in Sources */,
			);
			runOnlyForDeploymentPostprocessing = 0;
		};
		EF5474F829DEEC4000E9B427 /* Sources */ = {
			isa = PBXSourcesBuildPhase;
			buildActionMask = 2147483647;
			files = (
				EF54750129DEEC4000E9B427 /* PiazzaTests.swift in Sources */,
			);
			runOnlyForDeploymentPostprocessing = 0;
		};
		EF54750229DEEC4000E9B427 /* Sources */ = {
			isa = PBXSourcesBuildPhase;
			buildActionMask = 2147483647;
			files = (
				EF54750B29DEEC4000E9B427 /* PiazzaUITests.swift in Sources */,
				EF54750D29DEEC4000E9B427 /* PiazzaUITestsLaunchTests.swift in Sources */,
			);
			runOnlyForDeploymentPostprocessing = 0;
		};
/* End PBXSourcesBuildPhase section */

/* Begin PBXTargetDependency section */
		EF5474FE29DEEC4000E9B427 /* PBXTargetDependency */ = {
			isa = PBXTargetDependency;
			target = EF5474E529DEEC3D00E9B427 /* Piazza */;
			targetProxy = EF5474FD29DEEC4000E9B427 /* PBXContainerItemProxy */;
		};
		EF54750829DEEC4000E9B427 /* PBXTargetDependency */ = {
			isa = PBXTargetDependency;
			target = EF5474E529DEEC3D00E9B427 /* Piazza */;
			targetProxy = EF54750729DEEC4000E9B427 /* PBXContainerItemProxy */;
		};
/* End PBXTargetDependency section */

/* Begin PBXVariantGroup section */
		EF5474EF29DEEC3D00E9B427 /* Main.storyboard */ = {
			isa = PBXVariantGroup;
			children = (
				EF5474F029DEEC3D00E9B427 /* Base */,
			);
			name = Main.storyboard;
			sourceTree = "<group>";
		};
		EF5474F429DEEC4000E9B427 /* LaunchScreen.storyboard */ = {
			isa = PBXVariantGroup;
			children = (
				EF5474F529DEEC4000E9B427 /* Base */,
			);
			name = LaunchScreen.storyboard;
			sourceTree = "<group>";
		};
/* End PBXVariantGroup section */

/* Begin XCBuildConfiguration section */
		EF54750E29DEEC4000E9B427 /* Debug */ = {
			isa = XCBuildConfiguration;
			buildSettings = {
				ALWAYS_SEARCH_USER_PATHS = NO;
				CLANG_ANALYZER_NONNULL = YES;
				CLANG_ANALYZER_NUMBER_OBJECT_CONVERSION = YES_AGGRESSIVE;
				CLANG_CXX_LANGUAGE_STANDARD = "gnu++20";
				CLANG_ENABLE_MODULES = YES;
				CLANG_ENABLE_OBJC_ARC = YES;
				CLANG_ENABLE_OBJC_WEAK = YES;
				CLANG_WARN_BLOCK_CAPTURE_AUTORELEASING = YES;
				CLANG_WARN_BOOL_CONVERSION = YES;
				CLANG_WARN_COMMA = YES;
				CLANG_WARN_CONSTANT_CONVERSION = YES;
				CLANG_WARN_DEPRECATED_OBJC_IMPLEMENTATIONS = YES;
				CLANG_WARN_DIRECT_OBJC_ISA_USAGE = YES_ERROR;
				CLANG_WARN_DOCUMENTATION_COMMENTS = YES;
				CLANG_WARN_EMPTY_BODY = YES;
				CLANG_WARN_ENUM_CONVERSION = YES;
				CLANG_WARN_INFINITE_RECURSION = YES;
				CLANG_WARN_INT_CONVERSION = YES;
				CLANG_WARN_NON_LITERAL_NULL_CONVERSION = YES;
				CLANG_WARN_OBJC_IMPLICIT_RETAIN_SELF = YES;
				CLANG_WARN_OBJC_LITERAL_CONVERSION = YES;
				CLANG_WARN_OBJC_ROOT_CLASS = YES_ERROR;
				CLANG_WARN_QUOTED_INCLUDE_IN_FRAMEWORK_HEADER = YES;
				CLANG_WARN_RANGE_LOOP_ANALYSIS = YES;
				CLANG_WARN_STRICT_PROTOTYPES = YES;
				CLANG_WARN_SUSPICIOUS_MOVE = YES;
				CLANG_WARN_UNGUARDED_AVAILABILITY = YES_AGGRESSIVE;
				CLANG_WARN_UNREACHABLE_CODE = YES;
				CLANG_WARN__DUPLICATE_METHOD_MATCH = YES;
				COPY_PHASE_STRIP = NO;
				DEBUG_INFORMATION_FORMAT = dwarf;
				ENABLE_STRICT_OBJC_MSGSEND = YES;
				ENABLE_TESTABILITY = YES;
				GCC_C_LANGUAGE_STANDARD = gnu11;
				GCC_DYNAMIC_NO_PIC = NO;
				GCC_NO_COMMON_BLOCKS = YES;
				GCC_OPTIMIZATION_LEVEL = 0;
				GCC_PREPROCESSOR_DEFINITIONS = (
					"DEBUG=1",
					"$(inherited)",
				);
				GCC_WARN_64_TO_32_BIT_CONVERSION = YES;
				GCC_WARN_ABOUT_RETURN_TYPE = YES_ERROR;
				GCC_WARN_UNDECLARED_SELECTOR = YES;
				GCC_WARN_UNINITIALIZED_AUTOS = YES_AGGRESSIVE;
				GCC_WARN_UNUSED_FUNCTION = YES;
				GCC_WARN_UNUSED_VARIABLE = YES;
				IPHONEOS_DEPLOYMENT_TARGET = 16.4;
				MTL_ENABLE_DEBUG_INFO = INCLUDE_SOURCE;
				MTL_FAST_MATH = YES;
				ONLY_ACTIVE_ARCH = YES;
				SDKROOT = iphoneos;
				SWIFT_ACTIVE_COMPILATION_CONDITIONS = DEBUG;
				SWIFT_OPTIMIZATION_LEVEL = "-Onone";
			};
			name = Debug;
		};
		EF54750F29DEEC4000E9B427 /* Release */ = {
			isa = XCBuildConfiguration;
			buildSettings = {
				ALWAYS_SEARCH_USER_PATHS = NO;
				CLANG_ANALYZER_NONNULL = YES;
				CLANG_ANALYZER_NUMBER_OBJECT_CONVERSION = YES_AGGRESSIVE;
				CLANG_CXX_LANGUAGE_STANDARD = "gnu++20";
				CLANG_ENABLE_MODULES = YES;
				CLANG_ENABLE_OBJC_ARC = YES;
				CLANG_ENABLE_OBJC_WEAK = YES;
				CLANG_WARN_BLOCK_CAPTURE_AUTORELEASING = YES;
				CLANG_WARN_BOOL_CONVERSION = YES;
				CLANG_WARN_COMMA = YES;
				CLANG_WARN_CONSTANT_CONVERSION = YES;
				CLANG_WARN_DEPRECATED_OBJC_IMPLEMENTATIONS = YES;
				CLANG_WARN_DIRECT_OBJC_ISA_USAGE = YES_ERROR;
				CLANG_WARN_DOCUMENTATION_COMMENTS = YES;
				CLANG_WARN_EMPTY_BODY = YES;
				CLANG_WARN_ENUM_CONVERSION = YES;
				CLANG_WARN_INFINITE_RECURSION = YES;
				CLANG_WARN_INT_CONVERSION = YES;
				CLANG_WARN_NON_LITERAL_NULL_CONVERSION = YES;
				CLANG_WARN_OBJC_IMPLICIT_RETAIN_SELF = YES;
				CLANG_WARN_OBJC_LITERAL_CONVERSION = YES;
				CLANG_WARN_OBJC_ROOT_CLASS = YES_ERROR;
				CLANG_WARN_QUOTED_INCLUDE_IN_FRAMEWORK_HEADER = YES;
				CLANG_WARN_RANGE_LOOP_ANALYSIS = YES;
				CLANG_WARN_STRICT_PROTOTYPES = YES;
				CLANG_WARN_SUSPICIOUS_MOVE = YES;
				CLANG_WARN_UNGUARDED_AVAILABILITY = YES_AGGRESSIVE;
				CLANG_WARN_UNREACHABLE_CODE = YES;
				CLANG_WARN__DUPLICATE_METHOD_MATCH = YES;
				COPY_PHASE_STRIP = NO;
				DEBUG_INFORMATION_FORMAT = "dwarf-with-dsym";
				ENABLE_NS_ASSERTIONS = NO;
				ENABLE_STRICT_OBJC_MSGSEND = YES;
				GCC_C_LANGUAGE_STANDARD = gnu11;
				GCC_NO_COMMON_BLOCKS = YES;
				GCC_WARN_64_TO_32_BIT_CONVERSION = YES;
				GCC_WARN_ABOUT_RETURN_TYPE = YES_ERROR;
				GCC_WARN_UNDECLARED_SELECTOR = YES;
				GCC_WARN_UNINITIALIZED_AUTOS = YES_AGGRESSIVE;
				GCC_WARN_UNUSED_FUNCTION = YES;
				GCC_WARN_UNUSED_VARIABLE = YES;
				IPHONEOS_DEPLOYMENT_TARGET = 16.4;
				MTL_ENABLE_DEBUG_INFO = NO;
				MTL_FAST_MATH = YES;
				SDKROOT = iphoneos;
				SWIFT_COMPILATION_MODE = wholemodule;
				SWIFT_OPTIMIZATION_LEVEL = "-O";
				VALIDATE_PRODUCT = YES;
			};
			name = Release;
		};
		EF54751129DEEC4000E9B427 /* Debug */ = {
			isa = XCBuildConfiguration;
			buildSettings = {
				ASSETCATALOG_COMPILER_APPICON_NAME = AppIcon;
				ASSETCATALOG_COMPILER_GLOBAL_ACCENT_COLOR_NAME = AccentColor;
				CODE_SIGN_STYLE = Automatic;
				CURRENT_PROJECT_VERSION = 1;
				GENERATE_INFOPLIST_FILE = YES;
				INFOPLIST_FILE = Piazza/Info.plist;
				INFOPLIST_KEY_UIApplicationSupportsIndirectInputEvents = YES;
				INFOPLIST_KEY_UILaunchStoryboardName = LaunchScreen;
				INFOPLIST_KEY_UIMainStoryboardFile = Main;
				INFOPLIST_KEY_UISupportedInterfaceOrientations_iPad = "UIInterfaceOrientationPortrait UIInterfaceOrientationPortraitUpsideDown UIInterfaceOrientationLandscapeLeft UIInterfaceOrientationLandscapeRight";
				INFOPLIST_KEY_UISupportedInterfaceOrientations_iPhone = "UIInterfaceOrientationPortrait UIInterfaceOrientationLandscapeLeft UIInterfaceOrientationLandscapeRight";
				LD_RUNPATH_SEARCH_PATHS = (
					"$(inherited)",
					"@executable_path/Frameworks",
				);
				MARKETING_VERSION = 1.0;
				PRODUCT_BUNDLE_IDENTIFIER = com.lukeandreesen.Piazza;
				PRODUCT_NAME = "$(TARGET_NAME)";
				SWIFT_EMIT_LOC_STRINGS = YES;
				SWIFT_VERSION = 5.0;
				TARGETED_DEVICE_FAMILY = "1,2";
			};
			name = Debug;
		};
		EF54751229DEEC4000E9B427 /* Release */ = {
			isa = XCBuildConfiguration;
			buildSettings = {
				ASSETCATALOG_COMPILER_APPICON_NAME = AppIcon;
				ASSETCATALOG_COMPILER_GLOBAL_ACCENT_COLOR_NAME = AccentColor;
				CODE_SIGN_STYLE = Automatic;
				CURRENT_PROJECT_VERSION = 1;
				GENERATE_INFOPLIST_FILE = YES;
				INFOPLIST_FILE = Piazza/Info.plist;
				INFOPLIST_KEY_UIApplicationSupportsIndirectInputEvents = YES;
				INFOPLIST_KEY_UILaunchStoryboardName = LaunchScreen;
				INFOPLIST_KEY_UIMainStoryboardFile = Main;
				INFOPLIST_KEY_UISupportedInterfaceOrientations_iPad = "UIInterfaceOrientationPortrait UIInterfaceOrientationPortraitUpsideDown UIInterfaceOrientationLandscapeLeft UIInterfaceOrientationLandscapeRight";
				INFOPLIST_KEY_UISupportedInterfaceOrientations_iPhone = "UIInterfaceOrientationPortrait UIInterfaceOrientationLandscapeLeft UIInterfaceOrientationLandscapeRight";
				LD_RUNPATH_SEARCH_PATHS = (
					"$(inherited)",
					"@executable_path/Frameworks",
				);
				MARKETING_VERSION = 1.0;
				PRODUCT_BUNDLE_IDENTIFIER = com.lukeandreesen.Piazza;
				PRODUCT_NAME = "$(TARGET_NAME)";
				SWIFT_EMIT_LOC_STRINGS = YES;
				SWIFT_VERSION = 5.0;
				TARGETED_DEVICE_FAMILY = "1,2";
			};
			name = Release;
		};
		EF54751429DEEC4000E9B427 /* Debug */ = {
			isa = XCBuildConfiguration;
			buildSettings = {
				ALWAYS_EMBED_SWIFT_STANDARD_LIBRARIES = YES;
				BUNDLE_LOADER = "$(TEST_HOST)";
				CODE_SIGN_STYLE = Automatic;
				CURRENT_PROJECT_VERSION = 1;
				GENERATE_INFOPLIST_FILE = YES;
				IPHONEOS_DEPLOYMENT_TARGET = 16.4;
				MARKETING_VERSION = 1.0;
				PRODUCT_BUNDLE_IDENTIFIER = com.lukeandreesen.PiazzaTests;
				PRODUCT_NAME = "$(TARGET_NAME)";
				SWIFT_EMIT_LOC_STRINGS = NO;
				SWIFT_VERSION = 5.0;
				TARGETED_DEVICE_FAMILY = "1,2";
				TEST_HOST = "$(BUILT_PRODUCTS_DIR)/Piazza.app/$(BUNDLE_EXECUTABLE_FOLDER_PATH)/Piazza";
			};
			name = Debug;
		};
		EF54751529DEEC4000E9B427 /* Release */ = {
			isa = XCBuildConfiguration;
			buildSettings = {
				ALWAYS_EMBED_SWIFT_STANDARD_LIBRARIES = YES;
				BUNDLE_LOADER = "$(TEST_HOST)";
				CODE_SIGN_STYLE = Automatic;
				CURRENT_PROJECT_VERSION = 1;
				GENERATE_INFOPLIST_FILE = YES;
				IPHONEOS_DEPLOYMENT_TARGET = 16.4;
				MARKETING_VERSION = 1.0;
				PRODUCT_BUNDLE_IDENTIFIER = com.lukeandreesen.PiazzaTests;
				PRODUCT_NAME = "$(TARGET_NAME)";
				SWIFT_EMIT_LOC_STRINGS = NO;
				SWIFT_VERSION = 5.0;
				TARGETED_DEVICE_FAMILY = "1,2";
				TEST_HOST = "$(BUILT_PRODUCTS_DIR)/Piazza.app/$(BUNDLE_EXECUTABLE_FOLDER_PATH)/Piazza";
			};
			name = Release;
		};
		EF54751729DEEC4000E9B427 /* Debug */ = {
			isa = XCBuildConfiguration;
			buildSettings = {
				ALWAYS_EMBED_SWIFT_STANDARD_LIBRARIES = YES;
				CODE_SIGN_STYLE = Automatic;
				CURRENT_PROJECT_VERSION = 1;
				GENERATE_INFOPLIST_FILE = YES;
				MARKETING_VERSION = 1.0;
				PRODUCT_BUNDLE_IDENTIFIER = com.lukeandreesen.PiazzaUITests;
				PRODUCT_NAME = "$(TARGET_NAME)";
				SWIFT_EMIT_LOC_STRINGS = NO;
				SWIFT_VERSION = 5.0;
				TARGETED_DEVICE_FAMILY = "1,2";
				TEST_TARGET_NAME = Piazza;
			};
			name = Debug;
		};
		EF54751829DEEC4000E9B427 /* Release */ = {
			isa = XCBuildConfiguration;
			buildSettings = {
				ALWAYS_EMBED_SWIFT_STANDARD_LIBRARIES = YES;
				CODE_SIGN_STYLE = Automatic;
				CURRENT_PROJECT_VERSION = 1;
				GENERATE_INFOPLIST_FILE = YES;
				MARKETING_VERSION = 1.0;
				PRODUCT_BUNDLE_IDENTIFIER = com.lukeandreesen.PiazzaUITests;
				PRODUCT_NAME = "$(TARGET_NAME)";
				SWIFT_EMIT_LOC_STRINGS = NO;
				SWIFT_VERSION = 5.0;
				TARGETED_DEVICE_FAMILY = "1,2";
				TEST_TARGET_NAME = Piazza;
			};
			name = Release;
		};
/* End XCBuildConfiguration section */

/* Begin XCConfigurationList section */
		EF5474E129DEEC3D00E9B427 /* Build configuration list for PBXProject "Piazza" */ = {
			isa = XCConfigurationList;
			buildConfigurations = (
				EF54750E29DEEC4000E9B427 /* Debug */,
				EF54750F29DEEC4000E9B427 /* Release */,
			);
			defaultConfigurationIsVisible = 0;
			defaultConfigurationName = Release;
		};
		EF54751029DEEC4000E9B427 /* Build configuration list for PBXNativeTarget "Piazza" */ = {
			isa = XCConfigurationList;
			buildConfigurations = (
				EF54751129DEEC4000E9B427 /* Debug */,
				EF54751229DEEC4000E9B427 /* Release */,
			);
			defaultConfigurationIsVisible = 0;
			defaultConfigurationName = Release;
		};
		EF54751329DEEC4000E9B427 /* Build configuration list for PBXNativeTarget "PiazzaTests" */ = {
			isa = XCConfigurationList;
			buildConfigurations = (
				EF54751429DEEC4000E9B427 /* Debug */,
				EF54751529DEEC4000E9B427 /* Release */,
			);
			defaultConfigurationIsVisible = 0;
			defaultConfigurationName = Release;
		};
		EF54751629DEEC4000E9B427 /* Build configuration list for PBXNativeTarget "PiazzaUITests" */ = {
			isa = XCConfigurationList;
			buildConfigurations = (
				EF54751729DEEC4000E9B427 /* Debug */,
				EF54751829DEEC4000E9B427 /* Release */,
			);
			defaultConfigurationIsVisible = 0;
			defaultConfigurationName = Release;
		};
/* End XCConfigurationList section */

/* Begin XCRemoteSwiftPackageReference section */
		EF54751929DEED8500E9B427 /* XCRemoteSwiftPackageReference "turbo-ios" */ = {
			isa = XCRemoteSwiftPackageReference;
			repositoryURL = "https://github.com/hotwired/turbo-ios";
			requirement = {
				kind = upToNextMinorVersion;
				minimumVersion = "7.0.0-rc.7";
			};
		};
/* End XCRemoteSwiftPackageReference section */

/* Begin XCSwiftPackageProductDependency section */
		EF54751A29DEED8500E9B427 /* Turbo */ = {
			isa = XCSwiftPackageProductDependency;
			package = EF54751929DEED8500E9B427 /* XCRemoteSwiftPackageReference "turbo-ios" */;
			productName = Turbo;
		};
/* End XCSwiftPackageProductDependency section */
	};
	rootObject = EF5474DE29DEEC3D00E9B427 /* Project object */;
}
